{
  "name": "ultrosonic_a",
  "lockfileVersion": 2,
  "requires": true,
  "packages": {
    "": {
      "dependencies": {
        "libfec": "^1.1.0"
      }
    },
    "node_modules/libfec": {
      "version": "1.1.0",
      "resolved": "https://registry.npmjs.org/libfec/-/libfec-1.1.0.tgz",
      "integrity": "sha512-yUYZlG7yKPSaWBiSkVyavLoAHUqsVc90GwYap9HPxGUwuY/tJ2xucWvo0ijVZ5MA22BNd5Kv78lm43J1vO4ezg=="
    }
  },
  "dependencies": {
    "libfec": {
      "version": "1.1.0",
      "resolved": "https://registry.npmjs.org/libfec/-/libfec-1.1.0.tgz",
      "integrity": "sha512-yUYZlG7yKPSaWBiSkVyavLoAHUqsVc90GwYap9HPxGUwuY/tJ2xucWvo0ijVZ5MA22BNd5Kv78lm43J1vO4ezg=="
    }
  }
}
